// !$*UTF8*$!
{
	archiveVersion = 1;
	classes = {
	};
	objectVersion = 56;
	objects = {

/* Begin PBXBuildFile section */
		D20DE23F29D80ED300937302 /* UIButton+Ext.swift in Sources */ = {isa = PBXBuildFile; fileRef = D20DE23E29D80ED300937302 /* UIButton+Ext.swift */; };
		D20DE24129D8152300937302 /* UIActivityIndicatorView+Ext.swift in Sources */ = {isa = PBXBuildFile; fileRef = D20DE24029D8152300937302 /* UIActivityIndicatorView+Ext.swift */; };
		D2F0FE7229D7E9A20023F86F /* UIView+Ext.swift in Sources */ = {isa = PBXBuildFile; fileRef = D2F0FE7129D7E9A20023F86F /* UIView+Ext.swift */; };
		D2F0FE7429D7EA290023F86F /* UILabel+Ext.swift in Sources */ = {isa = PBXBuildFile; fileRef = D2F0FE7329D7EA290023F86F /* UILabel+Ext.swift */; };
		D2F0FE7A29D800DD0023F86F /* Person+Ext.swift in Sources */ = {isa = PBXBuildFile; fileRef = D2F0FE7929D800DD0023F86F /* Person+Ext.swift */; };
		D2F2059829D70C8A0024ADF1 /* AppDelegate.swift in Sources */ = {isa = PBXBuildFile; fileRef = D2F2059729D70C8A0024ADF1 /* AppDelegate.swift */; };
		D2F2059A29D70C8A0024ADF1 /* SceneDelegate.swift in Sources */ = {isa = PBXBuildFile; fileRef = D2F2059929D70C8A0024ADF1 /* SceneDelegate.swift */; };
		D2F205A129D70C8C0024ADF1 /* Assets.xcassets in Resources */ = {isa = PBXBuildFile; fileRef = D2F205A029D70C8C0024ADF1 /* Assets.xcassets */; };
		D2F205AC29D70F9C0024ADF1 /* DataSource.swift in Sources */ = {isa = PBXBuildFile; fileRef = D2F205AB29D70F9C0024ADF1 /* DataSource.swift */; };
		D2F205AE29D7107A0024ADF1 /* ListViewController.swift in Sources */ = {isa = PBXBuildFile; fileRef = D2F205AD29D7107A0024ADF1 /* ListViewController.swift */; };
		D2F205B029D71ADF0024ADF1 /* ListPresenter.swift in Sources */ = {isa = PBXBuildFile; fileRef = D2F205AF29D71ADF0024ADF1 /* ListPresenter.swift */; };
/* End PBXBuildFile section */

/* Begin PBXFileReference section */
		D20DE23E29D80ED300937302 /* UIButton+Ext.swift */ = {isa = PBXFileReference; lastKnownFileType = sourcecode.swift; path = "UIButton+Ext.swift"; sourceTree = "<group>"; };
		D20DE24029D8152300937302 /* UIActivityIndicatorView+Ext.swift */ = {isa = PBXFileReference; lastKnownFileType = sourcecode.swift; path = "UIActivityIndicatorView+Ext.swift"; sourceTree = "<group>"; };
		D2F0FE7129D7E9A20023F86F /* UIView+Ext.swift */ = {isa = PBXFileReference; lastKnownFileType = sourcecode.swift; path = "UIView+Ext.swift"; sourceTree = "<group>"; };
		D2F0FE7329D7EA290023F86F /* UILabel+Ext.swift */ = {isa = PBXFileReference; lastKnownFileType = sourcecode.swift; path = "UILabel+Ext.swift"; sourceTree = "<group>"; };
		D2F0FE7929D800DD0023F86F /* Person+Ext.swift */ = {isa = PBXFileReference; lastKnownFileType = sourcecode.swift; path = "Person+Ext.swift"; sourceTree = "<group>"; };
		D2F2059429D70C8A0024ADF1 /* People.app */ = {isa = PBXFileReference; explicitFileType = wrapper.application; includeInIndex = 0; path = People.app; sourceTree = BUILT_PRODUCTS_DIR; };
		D2F2059729D70C8A0024ADF1 /* AppDelegate.swift */ = {isa = PBXFileReference; lastKnownFileType = sourcecode.swift; path = AppDelegate.swift; sourceTree = "<group>"; };
		D2F2059929D70C8A0024ADF1 /* SceneDelegate.swift */ = {isa = PBXFileReference; lastKnownFileType = sourcecode.swift; path = SceneDelegate.swift; sourceTree = "<group>"; };
		D2F205A029D70C8C0024ADF1 /* Assets.xcassets */ = {isa = PBXFileReference; lastKnownFileType = folder.assetcatalog; path = Assets.xcassets; sourceTree = "<group>"; };
		D2F205A529D70C8C0024ADF1 /* Info.plist */ = {isa = PBXFileReference; lastKnownFileType = text.plist.xml; path = Info.plist; sourceTree = "<group>"; };
		D2F205AB29D70F9C0024ADF1 /* DataSource.swift */ = {isa = PBXFileReference; fileEncoding = 4; lastKnownFileType = sourcecode.swift; path = DataSource.swift; sourceTree = "<group>"; };
		D2F205AD29D7107A0024ADF1 /* ListViewController.swift */ = {isa = PBXFileReference; lastKnownFileType = sourcecode.swift; path = ListViewController.swift; sourceTree = "<group>"; };
		D2F205AF29D71ADF0024ADF1 /* ListPresenter.swift */ = {isa = PBXFileReference; lastKnownFileType = sourcecode.swift; path = ListPresenter.swift; sourceTree = "<group>"; };
/* End PBXFileReference section */

/* Begin PBXFrameworksBuildPhase section */
		D2F2059129D70C8A0024ADF1 /* Frameworks */ = {
			isa = PBXFrameworksBuildPhase;
			buildActionMask = 2147483647;
			files = (
			);
			runOnlyForDeploymentPostprocessing = 0;
		};
/* End PBXFrameworksBuildPhase section */

/* Begin PBXGroup section */
		D2F2058B29D70C8A0024ADF1 = {
			isa = PBXGroup;
			children = (
				D2F2059629D70C8A0024ADF1 /* People */,
				D2F2059529D70C8A0024ADF1 /* Products */,
			);
			sourceTree = "<group>";
		};
		D2F2059529D70C8A0024ADF1 /* Products */ = {
			isa = PBXGroup;
			children = (
				D2F2059429D70C8A0024ADF1 /* People.app */,
			);
			name = Products;
			sourceTree = "<group>";
		};
		D2F2059629D70C8A0024ADF1 /* People */ = {
			isa = PBXGroup;
			children = (
				D2F2059729D70C8A0024ADF1 /* AppDelegate.swift */,
				D2F2059929D70C8A0024ADF1 /* SceneDelegate.swift */,
				D2F205AD29D7107A0024ADF1 /* ListViewController.swift */,
				D2F205AF29D71ADF0024ADF1 /* ListPresenter.swift */,
				D2F205AB29D70F9C0024ADF1 /* DataSource.swift */,
				D20DE24029D8152300937302 /* UIActivityIndicatorView+Ext.swift */,
				D20DE23E29D80ED300937302 /* UIButton+Ext.swift */,
				D2F0FE7129D7E9A20023F86F /* UIView+Ext.swift */,
				D2F0FE7329D7EA290023F86F /* UILabel+Ext.swift */,
				D2F0FE7929D800DD0023F86F /* Person+Ext.swift */,
				D2F205A029D70C8C0024ADF1 /* Assets.xcassets */,
				D2F205A529D70C8C0024ADF1 /* Info.plist */,
			);
			path = People;
			sourceTree = "<group>";
		};
/* End PBXGroup section */

/* Begin PBXNativeTarget section */
		D2F2059329D70C8A0024ADF1 /* People */ = {
			isa = PBXNativeTarget;
			buildConfigurationList = D2F205A829D70C8C0024ADF1 /* Build configuration list for PBXNativeTarget "People" */;
			buildPhases = (
				D2F2059029D70C8A0024ADF1 /* Sources */,
				D2F2059129D70C8A0024ADF1 /* Frameworks */,
				D2F2059229D70C8A0024ADF1 /* Resources */,
			);
			buildRules = (
			);
			dependencies = (
			);
			name = People;
			productName = People;
			productReference = D2F2059429D70C8A0024ADF1 /* People.app */;
			productType = "com.apple.product-type.application";
		};
/* End PBXNativeTarget section */

/* Begin PBXProject section */
		D2F2058C29D70C8A0024ADF1 /* Project object */ = {
			isa = PBXProject;
			attributes = {
				BuildIndependentTargetsInParallel = 1;
				LastSwiftUpdateCheck = 1420;
				LastUpgradeCheck = 1420;
				TargetAttributes = {
					D2F2059329D70C8A0024ADF1 = {
						CreatedOnToolsVersion = 14.2;
					};
				};
			};
			buildConfigurationList = D2F2058F29D70C8A0024ADF1 /* Build configuration list for PBXProject "People" */;
			compatibilityVersion = "Xcode 14.0";
			developmentRegion = en;
			hasScannedForEncodings = 0;
			knownRegions = (
				en,
				Base,
			);
			mainGroup = D2F2058B29D70C8A0024ADF1;
			productRefGroup = D2F2059529D70C8A0024ADF1 /* Products */;
			projectDirPath = "";
			projectRoot = "";
			targets = (
				D2F2059329D70C8A0024ADF1 /* People */,
			);
		};
/* End PBXProject section */

/* Begin PBXResourcesBuildPhase section */
		D2F2059229D70C8A0024ADF1 /* Resources */ = {
			isa = PBXResourcesBuildPhase;
			buildActionMask = 2147483647;
			files = (
				D2F205A129D70C8C0024ADF1 /* Assets.xcassets in Resources */,
			);
			runOnlyForDeploymentPostprocessing = 0;
		};
/* End PBXResourcesBuildPhase section */

/* Begin PBXSourcesBuildPhase section */
		D2F2059029D70C8A0024ADF1 /* Sources */ = {
			isa = PBXSourcesBuildPhase;
			buildActionMask = 2147483647;
			files = (
				D2F205B029D71ADF0024ADF1 /* ListPresenter.swift in Sources */,
				D2F205AC29D70F9C0024ADF1 /* DataSource.swift in Sources */,
				D20DE23F29D80ED300937302 /* UIButton+Ext.swift in Sources */,
				D20DE24129D8152300937302 /* UIActivityIndicatorView+Ext.swift in Sources */,
				D2F0FE7229D7E9A20023F86F /* UIView+Ext.swift in Sources */,
				D2F2059829D70C8A0024ADF1 /* AppDelegate.swift in Sources */,
				D2F205AE29D7107A0024ADF1 /* ListViewController.swift in Sources */,
				D2F2059A29D70C8A0024ADF1 /* SceneDelegate.swift in Sources */,
				D2F0FE7A29D800DD0023F86F /* Person+Ext.swift in Sources */,
				D2F0FE7429D7EA290023F86F /* UILabel+Ext.swift in Sources */,
			);
			runOnlyForDeploymentPostprocessing = 0;
		};
/* End PBXSourcesBuildPhase section */

/* Begin XCBuildConfiguration section */
		D2F205A629D70C8C0024ADF1 /* Debug */ = {
			isa = XCBuildConfiguration;
			buildSettings = {
				ALWAYS_SEARCH_USER_PATHS = NO;
				CLANG_ANALYZER_NONNULL = YES;
				CLANG_ANALYZER_NUMBER_OBJECT_CONVERSION = YES_AGGRESSIVE;
				CLANG_CXX_LANGUAGE_STANDARD = "gnu++20";
				CLANG_ENABLE_MODULES = YES;
				CLANG_ENABLE_OBJC_ARC = YES;
				CLANG_ENABLE_OBJC_WEAK = YES;
				CLANG_WARN_BLOCK_CAPTURE_AUTORELEASING = YES;
				CLANG_WARN_BOOL_CONVERSION = YES;
				CLANG_WARN_COMMA = YES;
				CLANG_WARN_CONSTANT_CONVERSION = YES;
				CLANG_WARN_DEPRECATED_OBJC_IMPLEMENTATIONS = YES;
				CLANG_WARN_DIRECT_OBJC_ISA_USAGE = YES_ERROR;
				CLANG_WARN_DOCUMENTATION_COMMENTS = YES;
				CLANG_WARN_EMPTY_BODY = YES;
				CLANG_WARN_ENUM_CONVERSION = YES;
				CLANG_WARN_INFINITE_RECURSION = YES;
				CLANG_WARN_INT_CONVERSION = YES;
				CLANG_WARN_NON_LITERAL_NULL_CONVERSION = YES;
				CLANG_WARN_OBJC_IMPLICIT_RETAIN_SELF = YES;
				CLANG_WARN_OBJC_LITERAL_CONVERSION = YES;
				CLANG_WARN_OBJC_ROOT_CLASS = YES_ERROR;
				CLANG_WARN_QUOTED_INCLUDE_IN_FRAMEWORK_HEADER = YES;
				CLANG_WARN_RANGE_LOOP_ANALYSIS = YES;
				CLANG_WARN_STRICT_PROTOTYPES = YES;
				CLANG_WARN_SUSPICIOUS_MOVE = YES;
				CLANG_WARN_UNGUARDED_AVAILABILITY = YES_AGGRESSIVE;
				CLANG_WARN_UNREACHABLE_CODE = YES;
				CLANG_WARN__DUPLICATE_METHOD_MATCH = YES;
				COPY_PHASE_STRIP = NO;
				DEBUG_INFORMATION_FORMAT = dwarf;
				ENABLE_STRICT_OBJC_MSGSEND = YES;
				ENABLE_TESTABILITY = YES;
				GCC_C_LANGUAGE_STANDARD = gnu11;
				GCC_DYNAMIC_NO_PIC = NO;
				GCC_NO_COMMON_BLOCKS = YES;
				GCC_OPTIMIZATION_LEVEL = 0;
				GCC_PREPROCESSOR_DEFINITIONS = (
					"DEBUG=1",
					"$(inherited)",
				);
				GCC_WARN_64_TO_32_BIT_CONVERSION = YES;
				GCC_WARN_ABOUT_RETURN_TYPE = YES_ERROR;
				GCC_WARN_UNDECLARED_SELECTOR = YES;
				GCC_WARN_UNINITIALIZED_AUTOS = YES_AGGRESSIVE;
				GCC_WARN_UNUSED_FUNCTION = YES;
				GCC_WARN_UNUSED_VARIABLE = YES;
				IPHONEOS_DEPLOYMENT_TARGET = 16.2;
				MTL_ENABLE_DEBUG_INFO = INCLUDE_SOURCE;
				MTL_FAST_MATH = YES;
				ONLY_ACTIVE_ARCH = YES;
				SDKROOT = iphoneos;
				SWIFT_ACTIVE_COMPILATION_CONDITIONS = DEBUG;
				SWIFT_OPTIMIZATION_LEVEL = "-Onone";
			};
			name = Debug;
		};
		D2F205A729D70C8C0024ADF1 /* Release */ = {
			isa = XCBuildConfiguration;
			buildSettings = {
				ALWAYS_SEARCH_USER_PATHS = NO;
				CLANG_ANALYZER_NONNULL = YES;
				CLANG_ANALYZER_NUMBER_OBJECT_CONVERSION = YES_AGGRESSIVE;
				CLANG_CXX_LANGUAGE_STANDARD = "gnu++20";
				CLANG_ENABLE_MODULES = YES;
				CLANG_ENABLE_OBJC_ARC = YES;
				CLANG_ENABLE_OBJC_WEAK = YES;
				CLANG_WARN_BLOCK_CAPTURE_AUTORELEASING = YES;
				CLANG_WARN_BOOL_CONVERSION = YES;
				CLANG_WARN_COMMA = YES;
				CLANG_WARN_CONSTANT_CONVERSION = YES;
				CLANG_WARN_DEPRECATED_OBJC_IMPLEMENTATIONS = YES;
				CLANG_WARN_DIRECT_OBJC_ISA_USAGE = YES_ERROR;
				CLANG_WARN_DOCUMENTATION_COMMENTS = YES;
				CLANG_WARN_EMPTY_BODY = YES;
				CLANG_WARN_ENUM_CONVERSION = YES;
				CLANG_WARN_INFINITE_RECURSION = YES;
				CLANG_WARN_INT_CONVERSION = YES;
				CLANG_WARN_NON_LITERAL_NULL_CONVERSION = YES;
				CLANG_WARN_OBJC_IMPLICIT_RETAIN_SELF = YES;
				CLANG_WARN_OBJC_LITERAL_CONVERSION = YES;
				CLANG_WARN_OBJC_ROOT_CLASS = YES_ERROR;
				CLANG_WARN_QUOTED_INCLUDE_IN_FRAMEWORK_HEADER = YES;
				CLANG_WARN_RANGE_LOOP_ANALYSIS = YES;
				CLANG_WARN_STRICT_PROTOTYPES = YES;
				CLANG_WARN_SUSPICIOUS_MOVE = YES;
				CLANG_WARN_UNGUARDED_AVAILABILITY = YES_AGGRESSIVE;
				CLANG_WARN_UNREACHABLE_CODE = YES;
				CLANG_WARN__DUPLICATE_METHOD_MATCH = YES;
				COPY_PHASE_STRIP = NO;
				DEBUG_INFORMATION_FORMAT = "dwarf-with-dsym";
				ENABLE_NS_ASSERTIONS = NO;
				ENABLE_STRICT_OBJC_MSGSEND = YES;
				GCC_C_LANGUAGE_STANDARD = gnu11;
				GCC_NO_COMMON_BLOCKS = YES;
				GCC_WARN_64_TO_32_BIT_CONVERSION = YES;
				GCC_WARN_ABOUT_RETURN_TYPE = YES_ERROR;
				GCC_WARN_UNDECLARED_SELECTOR = YES;
				GCC_WARN_UNINITIALIZED_AUTOS = YES_AGGRESSIVE;
				GCC_WARN_UNUSED_FUNCTION = YES;
				GCC_WARN_UNUSED_VARIABLE = YES;
				IPHONEOS_DEPLOYMENT_TARGET = 16.2;
				MTL_ENABLE_DEBUG_INFO = NO;
				MTL_FAST_MATH = YES;
				SDKROOT = iphoneos;
				SWIFT_COMPILATION_MODE = wholemodule;
				SWIFT_OPTIMIZATION_LEVEL = "-O";
				VALIDATE_PRODUCT = YES;
			};
			name = Release;
		};
		D2F205A929D70C8C0024ADF1 /* Debug */ = {
			isa = XCBuildConfiguration;
			buildSettings = {
				ASSETCATALOG_COMPILER_APPICON_NAME = AppIcon;
				ASSETCATALOG_COMPILER_GLOBAL_ACCENT_COLOR_NAME = AccentColor;
				CODE_SIGN_STYLE = Automatic;
				CURRENT_PROJECT_VERSION = 1;
				DEVELOPMENT_TEAM = 7995LB4979;
				GENERATE_INFOPLIST_FILE = YES;
				INFOPLIST_FILE = People/Info.plist;
				INFOPLIST_KEY_UIApplicationSupportsIndirectInputEvents = YES;
				INFOPLIST_KEY_UILaunchStoryboardName = "";
				INFOPLIST_KEY_UIMainStoryboardFile = "";
				INFOPLIST_KEY_UISupportedInterfaceOrientations_iPad = "UIInterfaceOrientationPortrait UIInterfaceOrientationPortraitUpsideDown UIInterfaceOrientationLandscapeLeft UIInterfaceOrientationLandscapeRight";
				INFOPLIST_KEY_UISupportedInterfaceOrientations_iPhone = "UIInterfaceOrientationPortrait UIInterfaceOrientationLandscapeLeft UIInterfaceOrientationLandscapeRight";
				LD_RUNPATH_SEARCH_PATHS = (
					"$(inherited)",
					"@executable_path/Frameworks",
				);
				MARKETING_VERSION = 1.0;
				PRODUCT_BUNDLE_IDENTIFIER = com.ufukcanli.People;
				PRODUCT_NAME = "$(TARGET_NAME)";
				SWIFT_EMIT_LOC_STRINGS = YES;
				SWIFT_VERSION = 5.0;
				TARGETED_DEVICE_FAMILY = "1,2";
			};
			name = Debug;
		};
		D2F205AA29D70C8C0024ADF1 /* Release */ = {
			isa = XCBuildConfiguration;
			buildSettings = {
				ASSETCATALOG_COMPILER_APPICON_NAME = AppIcon;
				ASSETCATALOG_COMPILER_GLOBAL_ACCENT_COLOR_NAME = AccentColor;
				CODE_SIGN_STYLE = Automatic;
				CURRENT_PROJECT_VERSION = 1;
				DEVELOPMENT_TEAM = 7995LB4979;
				GENERATE_INFOPLIST_FILE = YES;
				INFOPLIST_FILE = People/Info.plist;
				INFOPLIST_KEY_UIApplicationSupportsIndirectInputEvents = YES;
				INFOPLIST_KEY_UILaunchStoryboardName = "";
				INFOPLIST_KEY_UIMainStoryboardFile = "";
				INFOPLIST_KEY_UISupportedInterfaceOrientations_iPad = "UIInterfaceOrientationPortrait UIInterfaceOrientationPortraitUpsideDown UIInterfaceOrientationLandscapeLeft UIInterfaceOrientationLandscapeRight";
				INFOPLIST_KEY_UISupportedInterfaceOrientations_iPhone = "UIInterfaceOrientationPortrait UIInterfaceOrientationLandscapeLeft UIInterfaceOrientationLandscapeRight";
				LD_RUNPATH_SEARCH_PATHS = (
					"$(inherited)",
					"@executable_path/Frameworks",
				);
				MARKETING_VERSION = 1.0;
				PRODUCT_BUNDLE_IDENTIFIER = com.ufukcanli.People;
				PRODUCT_NAME = "$(TARGET_NAME)";
				SWIFT_EMIT_LOC_STRINGS = YES;
				SWIFT_VERSION = 5.0;
				TARGETED_DEVICE_FAMILY = "1,2";
			};
			name = Release;
		};
/* End XCBuildConfiguration section */

/* Begin XCConfigurationList section */
		D2F2058F29D70C8A0024ADF1 /* Build configuration list for PBXProject "People" */ = {
			isa = XCConfigurationList;
			buildConfigurations = (
				D2F205A629D70C8C0024ADF1 /* Debug */,
				D2F205A729D70C8C0024ADF1 /* Release */,
			);
			defaultConfigurationIsVisible = 0;
			defaultConfigurationName = Release;
		};
		D2F205A829D70C8C0024ADF1 /* Build configuration list for PBXNativeTarget "People" */ = {
			isa = XCConfigurationList;
			buildConfigurations = (
				D2F205A929D70C8C0024ADF1 /* Debug */,
				D2F205AA29D70C8C0024ADF1 /* Release */,
			);
			defaultConfigurationIsVisible = 0;
			defaultConfigurationName = Release;
		};
/* End XCConfigurationList section */
	};
	rootObject = D2F2058C29D70C8A0024ADF1 /* Project object */;
}
